symfony v2.0.13
twig v1.7.0
monolog 1.0.2
doctrine-common 2.1.4
doctrine-dbal 2.1.6
doctrine 2.1.6
swiftmailer v4.1.7
assetic v1.0.3
twig-extensions 446d870272cd87a720e95242eade38a2acf56eaa
metadata 1.0.0
SensioFrameworkExtraBundle 1eda94d838aa885e154f92f426df35f2252cdb92
JMSSecurityExtraBundle e752f888c51425f71382c056961f10f2be642102
SensioDistributionBundle 20b66a408084ad8752f98e50f10533f5245310bf
SensioGeneratorBundle 83b768a487a6878f2bc2ad6859bd61a3651a7885
AsseticBundle v1.0.1
FOSUserBundle 1.2.0
SonataAdminBundle 516937e1d7ea1210e74e36f710b74cbdf55c54d6
SonataBlockBundle c85e73cc439d98ac6415681477dfee5be40be541
SonataCacheBundle cd0f788d4ddf79f99d5e5c1b01fd2100c5f9ba90
SonatajQueryBundle 01ffb8d1a7a4bb3971aed003e4f1ef050a0701aa
KnpMenuBundle dc12b1c8e56074d65b01eed51164c86d36579f86
KnpMenu 582abde96d661a2367542e393a25c9cafe928b40
Exporter be2921f67b291a22186164af27a3aab9a577db17
SonataDoctrineORMAdminBundle 95331cee6bda2eb8a473189342c8cbed77827668
EntityAudit 8c11e488ae1f5b6c46cce8ca29fc6f1833c932dd
SonataUserBundle 3a27ae63b79d1ef636bce08d773a825439d70ac5
SonataEasyExtendsBundle a01068d79ac160105c1d757b9e3e65f74064803c
